github.com/hugomods/icons v0.6.0 h1:G6RU93okhPPRDh/jqcew9gwkcYpSpg0rCBv4S6yUAFw=
github.com/hugomods/icons/vendors/bootstrap v0.5.0 h1:CHEGk677heq2kJZa7XsGHRc3Hwizl9NFkmNw146OVm0=
github.com/hugomods/icons/vendors/bootstrap v0.5.0/go.mod h1:kfC17VWV+tNi6PGF4AY7CJBBa1/HEgWxCYq2kNOdcdI=
github.com/hugomods/icons/vendors/simple-icons v1.0.1 h1:k6TDJkQHlzTzfYq8XqsysVQtZrfpBsnq+Ose0qbNR+M=
github.com/hugomods/icons/vendors/simple-icons v1.0.1/go.mod h1:+q9NgDTgTCyW+i4bDFRGQRVCll8rCUABb9/jDJoV1a4=
